
Microsoft Visual Studio Solution File, Format Version 12.00
# Visual Studio Version 17
VisualStudioVersion = 17.9.34622.214
MinimumVisualStudioVersion = 10.0.40219.1
Project("{FAE04EC0-301F-11D3-BF4B-00C04F79EFBC}") = "Car360", "Car360\Car360.csproj", "{523A44B4-94B8-4752-948F-D6FB74A0C2D8}"
EndProject
Global
	GlobalSection(SolutionConfigurationPlatforms) = preSolution
		Debug|Any CPU = Debug|Any CPU
		Release|Any CPU = Release|Any CPU
	EndGlobalSection
	GlobalSection(ProjectConfigurationPlatforms) = postSolution
		{523A44B4-94B8-4752-948F-D6FB74A0C2D8}.Debug|Any CPU.ActiveCfg = Debug|Any CPU
		{523A44B4-94B8-4752-948F-D6FB74A0C2D8}.Debug|Any CPU.Build.0 = Debug|Any CPU
		{523A44B4-94B8-4752-948F-D6FB74A0C2D8}.Release|Any CPU.ActiveCfg = Release|Any CPU
		{523A44B4-94B8-4752-948F-D6FB74A0C2D8}.Release|Any CPU.Build.0 = Release|Any CPU
	EndGlobalSection
	GlobalSection(SolutionProperties) = preSolution
		HideSolutionNode = FALSE
	EndGlobalSection
	GlobalSection(ExtensibilityGlobals) = postSolution
		SolutionGuid = {F1130937-3914-4CF1-BD89-195372EBDAA8}
	EndGlobalSection
EndGlobal
